PODS:
  - GRMustache.swift (2.0.0)
  - GzipSwift (5.1.1)
  - Just (0.8.0)
  - PromiseKit (6.12.0):
    - PromiseKit/CorePromise (= 6.12.0)
    - PromiseKit/Foundation (= 6.12.0)
    - PromiseKit/UIKit (= 6.12.0)
  - PromiseKit/CorePromise (6.12.0)
  - PromiseKit/Foundation (6.12.0):
    - PromiseKit/CorePromise
  - Sparkle (1.22.0)

DEPENDENCIES:
  - GRMustache.swift (from `https://github.com/iina/GRMustache.swift.git`)
  - GzipSwift
  - Just (from `https://github.com/JustHTTP/Just.git`)
  - PromiseKit
  - Sparkle

SPEC REPOS:
  trunk:
    - GzipSwift
    - PromiseKit
    - Sparkle

EXTERNAL SOURCES:
  GRMustache.swift:
    :git: https://github.com/iina/GRMustache.swift.git
  Just:
    :git: https://github.com/JustHTTP/Just.git

CHECKOUT OPTIONS:
  GRMustache.swift:
    :commit: a46e65d00b4753449b90465be813bbdb1a9ffc9d
    :git: https://github.com/iina/GRMustache.swift.git
  Just:
    :commit: be341d3df1102954339ce04b7f99f6a952535b9f
    :git: https://github.com/JustHTTP/Just.git

SPEC CHECKSUMS:
  GRMustache.swift: 53405b02c374520f9193cf41bfa677f03a6d70aa
  GzipSwift: 893f3e48e597a1a4f62fafcb6514220fcf8287fa
  Just: f979fc39f37f46690083243c882ea2fbdeee9bc9
  PromiseKit: c06835ba442ce5454ce3cdde470232804a6e4ff8
  Sparkle: 593ac2e677c07bcb6c3b22d621240e7cbedaab57

PODFILE CHECKSUM: c149e2f5a370325310fa22313fe8c514d0967750

COCOAPODS: 1.8.4
